
Terraform used the selected providers to generate the following execution
plan. Resource actions are indicated with the following symbols:
  + create

Terraform will perform the following actions:

  # azurerm_linux_virtual_machine.web-server will be created
  + resource "azurerm_linux_virtual_machine" "web-server" {
      + admin_username                  = "adminuser"
      + allow_extension_operations      = true
      + computer_name                   = (known after apply)
      + custom_data                     = (sensitive value)
      + disable_password_authentication = true
      + extensions_time_budget          = "PT1H30M"
      + id                              = (known after apply)
      + location                        = "eastus"
      + max_bid_price                   = -1
      + name                            = "webserver"
      + network_interface_ids           = (known after apply)
      + patch_mode                      = "ImageDefault"
      + platform_fault_domain           = -1
      + priority                        = "Regular"
      + private_ip_address              = (known after apply)
      + private_ip_addresses            = (known after apply)
      + provision_vm_agent              = true
      + public_ip_address               = (known after apply)
      + public_ip_addresses             = (known after apply)
      + resource_group_name             = "Website-rg"
      + size                            = "Standard_B1s"
      + tags                            = {
          + "environment" = "dev"
        }
      + virtual_machine_id              = (known after apply)
      + zone                            = (known after apply)

      + admin_ssh_key {
          + public_key = <<-EOT
                ssh-rsa AAAAB3NzaC1yc2EAAAADAQABAAABgQDFYwZNQcT1dVLYu4D4+vkx5gYPQPv7ibR4DyrBDgEkleW2ly9sYbWCqPH5gJLWyQ/fXwrsAMhILO9mkALERYKpnoznGbGXw7Wvn0f7f9K1v5rFPniSiLvJk3rtD06dzi6qA+DuBrvWDekROZyaSQ08Zm+k8Qctm4Dt2tZdqmmWRr8W8Jenoe9/5PCM3WaRpr7MzeypHfD7tJTXxK23kJc5Pi8aH747VFjOi09Z3T7O/94I1tsv395dUYF9+8USSmuODVFyz7Aaskr75FBg7DwFSAmc/BktkXyhE35kHz31NhyeSArIDXUPr7FFAKVesJNpIiQ3T3TLDN0qNi1Fp6ZfcSAv8W5pKd3p3/sFiI+9KI+ikTiTT/uLtbhR3b8+CpqbtkHBRWzrn68YFuwtsth7ayF2gtM09hAsTcGLKkFlw0nGXrlSTny+UCKLagoSmjCom3vj8jfQEvNI3gPaHe18mDsvQlEyGstpgerLo7zrrJEKraGl0Vv6iFp3Yed7/6k= anants@MGSN04081BLR
            EOT
          + username   = "adminuser"
        }

      + os_disk {
          + caching                   = "ReadWrite"
          + disk_size_gb              = (known after apply)
          + name                      = (known after apply)
          + storage_account_type      = "Standard_LRS"
          + write_accelerator_enabled = false
        }

      + source_image_reference {
          + offer     = "0001-com-ubuntu-server-jammy"
          + publisher = "Canonical"
          + sku       = "22_04-lts"
          + version   = "latest"
        }
    }

  # azurerm_network_interface.web-nic will be created
  + resource "azurerm_network_interface" "web-nic" {
      + applied_dns_servers           = (known after apply)
      + dns_servers                   = (known after apply)
      + enable_accelerated_networking = false
      + enable_ip_forwarding          = false
      + id                            = (known after apply)
      + internal_dns_name_label       = (known after apply)
      + internal_domain_name_suffix   = (known after apply)
      + location                      = "eastus"
      + mac_address                   = (known after apply)
      + name                          = "webiste-nic"
      + private_ip_address            = (known after apply)
      + private_ip_addresses          = (known after apply)
      + resource_group_name           = "Website-rg"
      + virtual_machine_id            = (known after apply)

      + ip_configuration {
          + gateway_load_balancer_frontend_ip_configuration_id = (known after apply)
          + name                                               = "webIPConfig"
          + primary                                            = (known after apply)
          + private_ip_address                                 = (known after apply)
          + private_ip_address_allocation                      = "dynamic"
          + private_ip_address_version                         = "IPv4"
          + public_ip_address_id                               = (known after apply)
          + subnet_id                                          = (known after apply)
        }
    }

  # azurerm_network_interface_security_group_association.web-nsg-association will be created
  + resource "azurerm_network_interface_security_group_association" "web-nsg-association" {
      + id                        = (known after apply)
      + network_interface_id      = (known after apply)
      + network_security_group_id = (known after apply)
    }

  # azurerm_network_security_group.web-nsg will be created
  + resource "azurerm_network_security_group" "web-nsg" {
      + id                  = (known after apply)
      + location            = "eastus"
      + name                = "website-nsg"
      + resource_group_name = "Website-rg"
      + security_rule       = [
          + {
              + access                                     = "Allow"
              + destination_address_prefix                 = "*"
              + destination_address_prefixes               = []
              + destination_application_security_group_ids = []
              + destination_port_range                     = "22"
              + destination_port_ranges                    = []
              + direction                                  = "Inbound"
              + name                                       = "AllowSSH"
              + priority                                   = 100
              + protocol                                   = "Tcp"
              + source_address_prefix                      = "*"
              + source_address_prefixes                    = []
              + source_application_security_group_ids      = []
              + source_port_range                          = "*"
              + source_port_ranges                         = []
                # (1 unchanged attribute hidden)
            },
          + {
              + access                                     = "Allow"
              + destination_address_prefix                 = "*"
              + destination_address_prefixes               = []
              + destination_application_security_group_ids = []
              + destination_port_range                     = "443"
              + destination_port_ranges                    = []
              + direction                                  = "Inbound"
              + name                                       = "AllowHTTPS"
              + priority                                   = 300
              + protocol                                   = "Tcp"
              + source_address_prefix                      = "*"
              + source_address_prefixes                    = []
              + source_application_security_group_ids      = []
              + source_port_range                          = "*"
              + source_port_ranges                         = []
                # (1 unchanged attribute hidden)
            },
          + {
              + access                                     = "Allow"
              + destination_address_prefix                 = "*"
              + destination_address_prefixes               = []
              + destination_application_security_group_ids = []
              + destination_port_range                     = "80"
              + destination_port_ranges                    = []
              + direction                                  = "Inbound"
              + name                                       = "AllowHTTP"
              + priority                                   = 200
              + protocol                                   = "Tcp"
              + source_address_prefix                      = "*"
              + source_address_prefixes                    = []
              + source_application_security_group_ids      = []
              + source_port_range                          = "*"
              + source_port_ranges                         = []
                # (1 unchanged attribute hidden)
            },
          + {
              + access                                     = "Allow"
              + destination_address_prefix                 = "*"
              + destination_address_prefixes               = []
              + destination_application_security_group_ids = []
              + destination_port_range                     = "8080"
              + destination_port_ranges                    = []
              + direction                                  = "Inbound"
              + name                                       = "AllowDockerUI"
              + priority                                   = 400
              + protocol                                   = "Tcp"
              + source_address_prefix                      = "*"
              + source_address_prefixes                    = []
              + source_application_security_group_ids      = []
              + source_port_range                          = "*"
              + source_port_ranges                         = []
                # (1 unchanged attribute hidden)
            },
        ]
    }

  # azurerm_public_ip.web-pip will be created
  + resource "azurerm_public_ip" "web-pip" {
      + allocation_method       = "Dynamic"
      + availability_zone       = (known after apply)
      + fqdn                    = (known after apply)
      + id                      = (known after apply)
      + idle_timeout_in_minutes = 4
      + ip_address              = (known after apply)
      + ip_version              = "IPv4"
      + location                = "eastus"
      + name                    = "website-pip"
      + resource_group_name     = "Website-rg"
      + sku                     = "Basic"
      + sku_tier                = "Regional"
      + zones                   = (known after apply)
    }

  # azurerm_resource_group.web-rg will be created
  + resource "azurerm_resource_group" "web-rg" {
      + id       = (known after apply)
      + location = "eastus"
      + name     = "Website-rg"
      + tags     = {
          + "environment" = "dev"
        }
    }

  # azurerm_subnet.web-subnet will be created
  + resource "azurerm_subnet" "web-subnet" {
      + address_prefix                                 = (known after apply)
      + address_prefixes                               = [
          + "10.12.1.0/24",
        ]
      + enforce_private_link_endpoint_network_policies = false
      + enforce_private_link_service_network_policies  = false
      + id                                             = (known after apply)
      + name                                           = "website-subnet"
      + resource_group_name                            = "Website-rg"
      + virtual_network_name                           = "website-vnet"
    }

  # azurerm_virtual_network.web-vnet will be created
  + resource "azurerm_virtual_network" "web-vnet" {
      + address_space         = [
          + "10.12.0.0/16",
        ]
      + dns_servers           = (known after apply)
      + guid                  = (known after apply)
      + id                    = (known after apply)
      + location              = "eastus"
      + name                  = "website-vnet"
      + resource_group_name   = "Website-rg"
      + subnet                = (known after apply)
      + tags                  = {
          + "environment" = "dev"
        }
      + vm_protection_enabled = false
    }

Plan: 8 to add, 0 to change, 0 to destroy.

Changes to Outputs:
  + public_ip = (known after apply)
azurerm_resource_group.web-rg: Creating...
azurerm_resource_group.web-rg: Creation complete after 3s [id=/subscriptions/fbea6de5-dbb1-4084-8142-14f71cf259a0/resourceGroups/Website-rg]
azurerm_public_ip.web-pip: Creating...
azurerm_virtual_network.web-vnet: Creating...
azurerm_network_security_group.web-nsg: Creating...
azurerm_public_ip.web-pip: Creation complete after 6s [id=/subscriptions/fbea6de5-dbb1-4084-8142-14f71cf259a0/resourceGroups/Website-rg/providers/Microsoft.Network/publicIPAddresses/website-pip]
azurerm_network_security_group.web-nsg: Creation complete after 7s [id=/subscriptions/fbea6de5-dbb1-4084-8142-14f71cf259a0/resourceGroups/Website-rg/providers/Microsoft.Network/networkSecurityGroups/website-nsg]
azurerm_virtual_network.web-vnet: Creation complete after 9s [id=/subscriptions/fbea6de5-dbb1-4084-8142-14f71cf259a0/resourceGroups/Website-rg/providers/Microsoft.Network/virtualNetworks/website-vnet]
azurerm_subnet.web-subnet: Creating...
azurerm_subnet.web-subnet: Creation complete after 9s [id=/subscriptions/fbea6de5-dbb1-4084-8142-14f71cf259a0/resourceGroups/Website-rg/providers/Microsoft.Network/virtualNetworks/website-vnet/subnets/website-subnet]
azurerm_network_interface.web-nic: Creating...
azurerm_network_interface.web-nic: Creation complete after 4s [id=/subscriptions/fbea6de5-dbb1-4084-8142-14f71cf259a0/resourceGroups/Website-rg/providers/Microsoft.Network/networkInterfaces/webiste-nic]
azurerm_network_interface_security_group_association.web-nsg-association: Creating...
azurerm_linux_virtual_machine.web-server: Creating...
azurerm_network_interface_security_group_association.web-nsg-association: Creation complete after 5s [id=/subscriptions/fbea6de5-dbb1-4084-8142-14f71cf259a0/resourceGroups/Website-rg/providers/Microsoft.Network/networkInterfaces/webiste-nic|/subscriptions/fbea6de5-dbb1-4084-8142-14f71cf259a0/resourceGroups/Website-rg/providers/Microsoft.Network/networkSecurityGroups/website-nsg]
azurerm_linux_virtual_machine.web-server: Still creating... [10s elapsed]
azurerm_linux_virtual_machine.web-server: Still creating... [20s elapsed]
azurerm_linux_virtual_machine.web-server: Provisioning with 'local-exec'...
azurerm_linux_virtual_machine.web-server (local-exec): Executing: ["PowerShell" "-Command" "add-content -path c:/users/anants/.ssh/config -value @'\r\n\r\nHost 172.174.17.217\r\n    Hostname 172.174.17.217\r\n    User adminuser\r\n    IdentityFile ~/.ssh/mtcazurekey\r\n'@"]
azurerm_linux_virtual_machine.web-server: Creation complete after 25s [id=/subscriptions/fbea6de5-dbb1-4084-8142-14f71cf259a0/resourceGroups/Website-rg/providers/Microsoft.Compute/virtualMachines/webserver]

Apply complete! Resources: 8 added, 0 changed, 0 destroyed.

Outputs:

public_ip = ""
