{
  "version": 4,
  "terraform_version": "1.10.5",
  "serial": 48,
  "lineage": "28600a98-fc3e-59ea-e683-5cf6c6b4102c",
  "outputs": {
    "public_ip": {
      "value": "172.174.17.217",
      "type": "string"
    }
  },
  "resources": [
    {
      "mode": "managed",
      "type": "azurerm_linux_virtual_machine",
      "name": "web-server",
      "provider": "provider[\"registry.terraform.io/hashicorp/azurerm\"]",
      "instances": [
        {
          "schema_version": 0,
          "attributes": {
            "additional_capabilities": [],
            "admin_password": null,
            "admin_ssh_key": [
              {
                "public_key": "ssh-rsa AAAAB3NzaC1yc2EAAAADAQABAAABgQDFYwZNQcT1dVLYu4D4+vkx5gYPQPv7ibR4DyrBDgEkleW2ly9sYbWCqPH5gJLWyQ/fXwrsAMhILO9mkALERYKpnoznGbGXw7Wvn0f7f9K1v5rFPniSiLvJk3rtD06dzi6qA+DuBrvWDekROZyaSQ08Zm+k8Qctm4Dt2tZdqmmWRr8W8Jenoe9/5PCM3WaRpr7MzeypHfD7tJTXxK23kJc5Pi8aH747VFjOi09Z3T7O/94I1tsv395dUYF9+8USSmuODVFyz7Aaskr75FBg7DwFSAmc/BktkXyhE35kHz31NhyeSArIDXUPr7FFAKVesJNpIiQ3T3TLDN0qNi1Fp6ZfcSAv8W5pKd3p3/sFiI+9KI+ikTiTT/uLtbhR3b8+CpqbtkHBRWzrn68YFuwtsth7ayF2gtM09hAsTcGLKkFlw0nGXrlSTny+UCKLagoSmjCom3vj8jfQEvNI3gPaHe18mDsvQlEyGstpgerLo7zrrJEKraGl0Vv6iFp3Yed7/6k= anants@MGSN04081BLR\n",
                "username": "adminuser"
              }
            ],
            "admin_username": "adminuser",
            "allow_extension_operations": true,
            "availability_set_id": "",
            "boot_diagnostics": [],
            "computer_name": "webserver",
            "custom_data": "IyEvYmluL2Jhc2gNCg0KIyBVcGRhdGUgcGFja2FnZSBsaXN0cw0Kc3VkbyBhcHQtZ2V0IHVwZGF0ZSAteQ0KDQojIEluc3RhbGwgbmVjZXNzYXJ5IGRlcGVuZGVuY2llcw0Kc3VkbyBhcHQtZ2V0IGluc3RhbGwgLXkgZG9ja2VyLmlvIGRvY2tlci1jb21wb3NlDQoNCiMgQWRkIHVzZXIgdG8gRG9ja2VyIGdyb3VwDQpzdWRvIHVzZXJtb2QgLWFHIGRvY2tlciAkKHdob2FtaSkNCg0KIyBDcmVhdGUgcmVxdWlyZWQgZGlyZWN0b3JpZXMNCm1rZGlyIC1wIC9ob21lL2F6dXJldXNlci9kb2NrZXItY29tcG9zZS9odG1sDQoNCiMgU2V0IHVwIERvY2tlciBDb21wb3NlIGZpbGVzDQpjYXQgPDxFT0YgPiAvaG9tZS9henVyZXVzZXIvZG9ja2VyLWNvbXBvc2UvZG9ja2VyLWNvbXBvc2UueW1sDQp2ZXJzaW9uOiAnMy44Jw0Kc2VydmljZXM6DQogIG5naW54Og0KICAgIGltYWdlOiBuZ2lueDpsYXRlc3QNCiAgICBjb250YWluZXJfbmFtZTogbXktbmdpbngNCiAgICBwb3J0czoNCiAgICAgIC0gIjgwOjgwIg0KICAgIHZvbHVtZXM6DQogICAgICAtIC4vaHRtbDovdXNyL3NoYXJlL25naW54L2h0bWw6cm8NCiAgICByZXN0YXJ0OiBhbHdheXMNCkVPRg0KDQojIFN0YXJ0IHRoZSBEb2NrZXIgY29udGFpbmVyDQpjZCAvaG9tZS9henVyZXVzZXIvZG9ja2VyLWNvbXBvc2UNCnN1ZG8gZG9ja2VyLWNvbXBvc2UgdXAgLWQNCg==",
            "dedicated_host_id": "",
            "disable_password_authentication": true,
            "encryption_at_host_enabled": false,
            "eviction_policy": "",
            "extensions_time_budget": "PT1H30M",
            "id": "/subscriptions/fbea6de5-dbb1-4084-8142-14f71cf259a0/resourceGroups/Website-rg/providers/Microsoft.Compute/virtualMachines/webserver",
            "identity": [],
            "license_type": "",
            "location": "eastus",
            "max_bid_price": -1,
            "name": "webserver",
            "network_interface_ids": [
              "/subscriptions/fbea6de5-dbb1-4084-8142-14f71cf259a0/resourceGroups/Website-rg/providers/Microsoft.Network/networkInterfaces/webiste-nic"
            ],
            "os_disk": [
              {
                "caching": "ReadWrite",
                "diff_disk_settings": [],
                "disk_encryption_set_id": "",
                "disk_size_gb": 30,
                "name": "webserver_disk1_ffd88b7314814176a3fda364e1d04ec0",
                "storage_account_type": "Standard_LRS",
                "write_accelerator_enabled": false
              }
            ],
            "patch_mode": "ImageDefault",
            "plan": [],
            "platform_fault_domain": -1,
            "priority": "Regular",
            "private_ip_address": "10.12.1.4",
            "private_ip_addresses": [
              "10.12.1.4"
            ],
            "provision_vm_agent": true,
            "proximity_placement_group_id": "",
            "public_ip_address": "172.174.17.217",
            "public_ip_addresses": [
              "172.174.17.217"
            ],
            "resource_group_name": "Website-rg",
            "secret": [],
            "secure_boot_enabled": false,
            "size": "Standard_B1s",
            "source_image_id": "",
            "source_image_reference": [
              {
                "offer": "0001-com-ubuntu-server-jammy",
                "publisher": "Canonical",
                "sku": "22_04-lts",
                "version": "latest"
              }
            ],
            "tags": {
              "environment": "dev"
            },
            "timeouts": null,
            "user_data": "",
            "virtual_machine_id": "da61c08b-aa54-4006-b1b6-ff37447f1a46",
            "virtual_machine_scale_set_id": "",
            "vtpm_enabled": false,
            "zone": ""
          },
          "sensitive_attributes": [
            [
              {
                "type": "get_attr",
                "value": "custom_data"
              }
            ],
            [
              {
                "type": "get_attr",
                "value": "admin_password"
              }
            ]
          ],
          "private": "eyJlMmJmYjczMC1lY2FhLTExZTYtOGY4OC0zNDM2M2JjN2M0YzAiOnsiY3JlYXRlIjoyNzAwMDAwMDAwMDAwLCJkZWxldGUiOjI3MDAwMDAwMDAwMDAsInJlYWQiOjMwMDAwMDAwMDAwMCwidXBkYXRlIjoyNzAwMDAwMDAwMDAwfX0=",
          "dependencies": [
            "azurerm_network_interface.web-nic",
            "azurerm_public_ip.web-pip",
            "azurerm_resource_group.web-rg",
            "azurerm_subnet.web-subnet",
            "azurerm_virtual_network.web-vnet"
          ]
        }
      ]
    },
    {
      "mode": "managed",
      "type": "azurerm_network_interface",
      "name": "web-nic",
      "provider": "provider[\"registry.terraform.io/hashicorp/azurerm\"]",
      "instances": [
        {
          "schema_version": 0,
          "attributes": {
            "applied_dns_servers": [],
            "dns_servers": [],
            "enable_accelerated_networking": false,
            "enable_ip_forwarding": false,
            "id": "/subscriptions/fbea6de5-dbb1-4084-8142-14f71cf259a0/resourceGroups/Website-rg/providers/Microsoft.Network/networkInterfaces/webiste-nic",
            "internal_dns_name_label": "",
            "internal_domain_name_suffix": "zhpgug0n0g5uziq5rtw5osmngb.bx.internal.cloudapp.net",
            "ip_configuration": [
              {
                "gateway_load_balancer_frontend_ip_configuration_id": "",
                "name": "webIPConfig",
                "primary": true,
                "private_ip_address": "10.12.1.4",
                "private_ip_address_allocation": "Dynamic",
                "private_ip_address_version": "IPv4",
                "public_ip_address_id": "/subscriptions/fbea6de5-dbb1-4084-8142-14f71cf259a0/resourceGroups/Website-rg/providers/Microsoft.Network/publicIPAddresses/website-pip",
                "subnet_id": "/subscriptions/fbea6de5-dbb1-4084-8142-14f71cf259a0/resourceGroups/Website-rg/providers/Microsoft.Network/virtualNetworks/website-vnet/subnets/website-subnet"
              }
            ],
            "location": "eastus",
            "mac_address": "00-22-48-32-20-95",
            "name": "webiste-nic",
            "private_ip_address": "10.12.1.4",
            "private_ip_addresses": [
              "10.12.1.4"
            ],
            "resource_group_name": "Website-rg",
            "tags": {},
            "timeouts": null,
            "virtual_machine_id": "/subscriptions/fbea6de5-dbb1-4084-8142-14f71cf259a0/resourceGroups/Website-rg/providers/Microsoft.Compute/virtualMachines/webserver"
          },
          "sensitive_attributes": [],
          "private": "eyJlMmJmYjczMC1lY2FhLTExZTYtOGY4OC0zNDM2M2JjN2M0YzAiOnsiY3JlYXRlIjoxODAwMDAwMDAwMDAwLCJkZWxldGUiOjE4MDAwMDAwMDAwMDAsInJlYWQiOjMwMDAwMDAwMDAwMCwidXBkYXRlIjoxODAwMDAwMDAwMDAwfX0=",
          "dependencies": [
            "azurerm_public_ip.web-pip",
            "azurerm_resource_group.web-rg",
            "azurerm_subnet.web-subnet",
            "azurerm_virtual_network.web-vnet"
          ]
        }
      ]
    },
    {
      "mode": "managed",
      "type": "azurerm_network_interface_security_group_association",
      "name": "web-nsg-association",
      "provider": "provider[\"registry.terraform.io/hashicorp/azurerm\"]",
      "instances": [
        {
          "schema_version": 0,
          "attributes": {
            "id": "/subscriptions/fbea6de5-dbb1-4084-8142-14f71cf259a0/resourceGroups/Website-rg/providers/Microsoft.Network/networkInterfaces/webiste-nic|/subscriptions/fbea6de5-dbb1-4084-8142-14f71cf259a0/resourceGroups/Website-rg/providers/Microsoft.Network/networkSecurityGroups/website-nsg",
            "network_interface_id": "/subscriptions/fbea6de5-dbb1-4084-8142-14f71cf259a0/resourceGroups/Website-rg/providers/Microsoft.Network/networkInterfaces/webiste-nic",
            "network_security_group_id": "/subscriptions/fbea6de5-dbb1-4084-8142-14f71cf259a0/resourceGroups/Website-rg/providers/Microsoft.Network/networkSecurityGroups/website-nsg",
            "timeouts": null
          },
          "sensitive_attributes": [],
          "private": "eyJlMmJmYjczMC1lY2FhLTExZTYtOGY4OC0zNDM2M2JjN2M0YzAiOnsiY3JlYXRlIjoxODAwMDAwMDAwMDAwLCJkZWxldGUiOjE4MDAwMDAwMDAwMDAsInJlYWQiOjMwMDAwMDAwMDAwMCwidXBkYXRlIjoxODAwMDAwMDAwMDAwfX0=",
          "dependencies": [
            "azurerm_network_interface.web-nic",
            "azurerm_network_security_group.web-nsg",
            "azurerm_public_ip.web-pip",
            "azurerm_resource_group.web-rg",
            "azurerm_subnet.web-subnet",
            "azurerm_virtual_network.web-vnet"
          ]
        }
      ]
    },
    {
      "mode": "managed",
      "type": "azurerm_network_security_group",
      "name": "web-nsg",
      "provider": "provider[\"registry.terraform.io/hashicorp/azurerm\"]",
      "instances": [
        {
          "schema_version": 0,
          "attributes": {
            "id": "/subscriptions/fbea6de5-dbb1-4084-8142-14f71cf259a0/resourceGroups/Website-rg/providers/Microsoft.Network/networkSecurityGroups/website-nsg",
            "location": "eastus",
            "name": "website-nsg",
            "resource_group_name": "Website-rg",
            "security_rule": [
              {
                "access": "Allow",
                "description": "",
                "destination_address_prefix": "*",
                "destination_address_prefixes": [],
                "destination_application_security_group_ids": [],
                "destination_port_range": "22",
                "destination_port_ranges": [],
                "direction": "Inbound",
                "name": "AllowSSH",
                "priority": 100,
                "protocol": "Tcp",
                "source_address_prefix": "*",
                "source_address_prefixes": [],
                "source_application_security_group_ids": [],
                "source_port_range": "*",
                "source_port_ranges": []
              },
              {
                "access": "Allow",
                "description": "",
                "destination_address_prefix": "*",
                "destination_address_prefixes": [],
                "destination_application_security_group_ids": [],
                "destination_port_range": "443",
                "destination_port_ranges": [],
                "direction": "Inbound",
                "name": "AllowHTTPS",
                "priority": 300,
                "protocol": "Tcp",
                "source_address_prefix": "*",
                "source_address_prefixes": [],
                "source_application_security_group_ids": [],
                "source_port_range": "*",
                "source_port_ranges": []
              },
              {
                "access": "Allow",
                "description": "",
                "destination_address_prefix": "*",
                "destination_address_prefixes": [],
                "destination_application_security_group_ids": [],
                "destination_port_range": "80",
                "destination_port_ranges": [],
                "direction": "Inbound",
                "name": "AllowHTTP",
                "priority": 200,
                "protocol": "Tcp",
                "source_address_prefix": "*",
                "source_address_prefixes": [],
                "source_application_security_group_ids": [],
                "source_port_range": "*",
                "source_port_ranges": []
              },
              {
                "access": "Allow",
                "description": "",
                "destination_address_prefix": "*",
                "destination_address_prefixes": [],
                "destination_application_security_group_ids": [],
                "destination_port_range": "8080",
                "destination_port_ranges": [],
                "direction": "Inbound",
                "name": "AllowDockerUI",
                "priority": 400,
                "protocol": "Tcp",
                "source_address_prefix": "*",
                "source_address_prefixes": [],
                "source_application_security_group_ids": [],
                "source_port_range": "*",
                "source_port_ranges": []
              }
            ],
            "tags": {},
            "timeouts": null
          },
          "sensitive_attributes": [],
          "private": "eyJlMmJmYjczMC1lY2FhLTExZTYtOGY4OC0zNDM2M2JjN2M0YzAiOnsiY3JlYXRlIjoxODAwMDAwMDAwMDAwLCJkZWxldGUiOjE4MDAwMDAwMDAwMDAsInJlYWQiOjMwMDAwMDAwMDAwMCwidXBkYXRlIjoxODAwMDAwMDAwMDAwfX0=",
          "dependencies": [
            "azurerm_resource_group.web-rg"
          ]
        }
      ]
    },
    {
      "mode": "managed",
      "type": "azurerm_public_ip",
      "name": "web-pip",
      "provider": "provider[\"registry.terraform.io/hashicorp/azurerm\"]",
      "instances": [
        {
          "schema_version": 0,
          "attributes": {
            "allocation_method": "Dynamic",
            "availability_zone": "No-Zone",
            "domain_name_label": null,
            "fqdn": null,
            "id": "/subscriptions/fbea6de5-dbb1-4084-8142-14f71cf259a0/resourceGroups/Website-rg/providers/Microsoft.Network/publicIPAddresses/website-pip",
            "idle_timeout_in_minutes": 4,
            "ip_address": "172.174.17.217",
            "ip_tags": {},
            "ip_version": "IPv4",
            "location": "eastus",
            "name": "website-pip",
            "public_ip_prefix_id": null,
            "resource_group_name": "Website-rg",
            "reverse_fqdn": null,
            "sku": "Basic",
            "sku_tier": "Regional",
            "tags": {},
            "timeouts": null,
            "zones": []
          },
          "sensitive_attributes": [],
          "private": "eyJlMmJmYjczMC1lY2FhLTExZTYtOGY4OC0zNDM2M2JjN2M0YzAiOnsiY3JlYXRlIjoxODAwMDAwMDAwMDAwLCJkZWxldGUiOjE4MDAwMDAwMDAwMDAsInJlYWQiOjMwMDAwMDAwMDAwMCwidXBkYXRlIjoxODAwMDAwMDAwMDAwfX0=",
          "dependencies": [
            "azurerm_resource_group.web-rg"
          ]
        }
      ]
    },
    {
      "mode": "managed",
      "type": "azurerm_resource_group",
      "name": "web-rg",
      "provider": "provider[\"registry.terraform.io/hashicorp/azurerm\"]",
      "instances": [
        {
          "schema_version": 0,
          "attributes": {
            "id": "/subscriptions/fbea6de5-dbb1-4084-8142-14f71cf259a0/resourceGroups/Website-rg",
            "location": "eastus",
            "name": "Website-rg",
            "tags": {
              "environment": "dev"
            },
            "timeouts": null
          },
          "sensitive_attributes": [],
          "private": "eyJlMmJmYjczMC1lY2FhLTExZTYtOGY4OC0zNDM2M2JjN2M0YzAiOnsiY3JlYXRlIjo1NDAwMDAwMDAwMDAwLCJkZWxldGUiOjU0MDAwMDAwMDAwMDAsInJlYWQiOjMwMDAwMDAwMDAwMCwidXBkYXRlIjo1NDAwMDAwMDAwMDAwfX0="
        }
      ]
    },
    {
      "mode": "managed",
      "type": "azurerm_subnet",
      "name": "web-subnet",
      "provider": "provider[\"registry.terraform.io/hashicorp/azurerm\"]",
      "instances": [
        {
          "schema_version": 0,
          "attributes": {
            "address_prefix": "10.12.1.0/24",
            "address_prefixes": [
              "10.12.1.0/24"
            ],
            "delegation": [],
            "enforce_private_link_endpoint_network_policies": false,
            "enforce_private_link_service_network_policies": false,
            "id": "/subscriptions/fbea6de5-dbb1-4084-8142-14f71cf259a0/resourceGroups/Website-rg/providers/Microsoft.Network/virtualNetworks/website-vnet/subnets/website-subnet",
            "name": "website-subnet",
            "resource_group_name": "Website-rg",
            "service_endpoint_policy_ids": [],
            "service_endpoints": [],
            "timeouts": null,
            "virtual_network_name": "website-vnet"
          },
          "sensitive_attributes": [],
          "private": "eyJlMmJmYjczMC1lY2FhLTExZTYtOGY4OC0zNDM2M2JjN2M0YzAiOnsiY3JlYXRlIjoxODAwMDAwMDAwMDAwLCJkZWxldGUiOjE4MDAwMDAwMDAwMDAsInJlYWQiOjMwMDAwMDAwMDAwMCwidXBkYXRlIjoxODAwMDAwMDAwMDAwfX0=",
          "dependencies": [
            "azurerm_resource_group.web-rg",
            "azurerm_virtual_network.web-vnet"
          ]
        }
      ]
    },
    {
      "mode": "managed",
      "type": "azurerm_virtual_network",
      "name": "web-vnet",
      "provider": "provider[\"registry.terraform.io/hashicorp/azurerm\"]",
      "instances": [
        {
          "schema_version": 0,
          "attributes": {
            "address_space": [
              "10.12.0.0/16"
            ],
            "bgp_community": "",
            "ddos_protection_plan": [],
            "dns_servers": [],
            "flow_timeout_in_minutes": 0,
            "guid": "1b6adec9-d14d-4cbf-a21f-8cedf7498d31",
            "id": "/subscriptions/fbea6de5-dbb1-4084-8142-14f71cf259a0/resourceGroups/Website-rg/providers/Microsoft.Network/virtualNetworks/website-vnet",
            "location": "eastus",
            "name": "website-vnet",
            "resource_group_name": "Website-rg",
            "subnet": [
              {
                "address_prefix": "10.12.1.0/24",
                "id": "/subscriptions/fbea6de5-dbb1-4084-8142-14f71cf259a0/resourceGroups/Website-rg/providers/Microsoft.Network/virtualNetworks/website-vnet/subnets/website-subnet",
                "name": "website-subnet",
                "security_group": ""
              }
            ],
            "tags": {
              "environment": "dev"
            },
            "timeouts": null,
            "vm_protection_enabled": false
          },
          "sensitive_attributes": [],
          "private": "eyJlMmJmYjczMC1lY2FhLTExZTYtOGY4OC0zNDM2M2JjN2M0YzAiOnsiY3JlYXRlIjoxODAwMDAwMDAwMDAwLCJkZWxldGUiOjE4MDAwMDAwMDAwMDAsInJlYWQiOjMwMDAwMDAwMDAwMCwidXBkYXRlIjoxODAwMDAwMDAwMDAwfX0=",
          "dependencies": [
            "azurerm_resource_group.web-rg"
          ]
        }
      ]
    }
  ],
  "check_results": null
}
